
Microsoft Visual Studio Solution File, Format Version 12.00
# Visual Studio Version 16
VisualStudioVersion = 16.0.31624.102
MinimumVisualStudioVersion = 10.0.40219.1
Project("{FAE04EC0-301F-11D3-BF4B-00C04F79EFBC}") = "LabCompiladores", "LabCompiladores.csproj", "{B995F87D-01B0-437A-86CF-F95E01A2AED1}"
EndProject
Global
	GlobalSection(SolutionConfigurationPlatforms) = preSolution
		Debug|Any CPU = Debug|Any CPU
		Release|Any CPU = Release|Any CPU
	EndGlobalSection
	GlobalSection(ProjectConfigurationPlatforms) = postSolution
		{B995F87D-01B0-437A-86CF-F95E01A2AED1}.Debug|Any CPU.ActiveCfg = Debug|Any CPU
		{B995F87D-01B0-437A-86CF-F95E01A2AED1}.Debug|Any CPU.Build.0 = Debug|Any CPU
		{B995F87D-01B0-437A-86CF-F95E01A2AED1}.Release|Any CPU.ActiveCfg = Release|Any CPU
		{B995F87D-01B0-437A-86CF-F95E01A2AED1}.Release|Any CPU.Build.0 = Release|Any CPU
	EndGlobalSection
	GlobalSection(SolutionProperties) = preSolution
		HideSolutionNode = FALSE
	EndGlobalSection
	GlobalSection(ExtensibilityGlobals) = postSolution
		SolutionGuid = {CD4FB7E8-38E3-4B66-B39C-D0A631F8B1CF}
	EndGlobalSection
EndGlobal
